version = 1
revision = 3
requires-python = ">=3.10"

[[package]]
name = "actionlint-py"
version = "1.7.10.24"
source = { registry = "https://pypi.org/simple" }
sdist = { url = "https://files.pythonhosted.org/packages/9c/01/790379bf4cab91a272421a39b3d80f4a0d1a1ed753c00176be28b7d6adc6/actionlint_py-1.7.10.24.tar.gz", hash = "sha256:bac4e74e944c692fc7c65661009caebf14621bb33d937127ee5df8ac0693736a", size = 12057, upload-time = "2026-01-01T17:06:36.282Z" }

[[package]]
name = "fastjsonschema"
version = "2.21.2"
source = { registry = "https://pypi.org/simple" }
sdist = { url = "https://files.pythonhosted.org/packages/20/b5/23b216d9d985a956623b6bd12d4086b60f0059b27799f23016af04a74ea1/fastjsonschema-2.21.2.tar.gz", hash = "sha256:b1eb43748041c880796cd077f1a07c3d94e93ae84bba5ed36800a33554ae05de", size = 374130, upload-time = "2025-08-14T18:49:36.666Z" }
wheels = [
    { url = "https://files.pythonhosted.org/packages/cb/a8/20d0723294217e47de6d9e2e40fd4a9d2f7c4b6ef974babd482a59743694/fastjsonschema-2.21.2-py3-none-any.whl", hash = "sha256:1c797122d0a86c5cace2e54bf4e819c36223b552017172f32c5c024a6b77e463", size = 24024, upload-time = "2025-08-14T18:49:34.776Z" },
]

[[package]]
name = "google-yamlfmt"
version = "0.21.0"
source = { registry = "https://pypi.org/simple" }
sdist = { url = "https://files.pythonhosted.org/packages/58/83/eea1f15f19d615b505d35788083d130db006565772630f7edd31f8166f60/google_yamlfmt-0.21.0.tar.gz", hash = "sha256:07726cc4d86a593b0e3f82d0f1951b008124fd810c0c6a414deadc968ec74535", size = 14485, upload-time = "2026-01-09T18:08:44.214Z" }
wheels = [
    { url = "https://files.pythonhosted.org/packages/ad/7e/fe8a1c6f55806340734d2a688fb8718f6ca3f03bf9e766ff0636212c3a7c/google_yamlfmt-0.21.0-py3-none-macosx_10_12_x86_64.whl", hash = "sha256:8cd3a1a8a09ce2770c5f934ec4a775fedb8aa55063a74fcd5884f8f5d9958ff9", size = 1947096, upload-time = "2026-01-09T18:08:42.816Z" },
    { url = "https://files.pythonhosted.org/packages/6f/6e/eaa065e8f14f830748c96dec7d77868eb4f378d460c0614805cec0f4c320/google_yamlfmt-0.21.0-py3-none-macosx_11_0_arm64.whl", hash = "sha256:7fc14a8e26415169e7c36a9441115aac0442c9d55d870b5e3c7a3e71e58f204c", size = 1804051, upload-time = "2026-01-09T18:08:52.063Z" },
    { url = "https://files.pythonhosted.org/packages/25/91/d67c3f1b53bbd89730d5c8b50892d49aa375ecaf761c47de29a37c3ade2e/google_yamlfmt-0.21.0-py3-none-manylinux_2_17_aarch64.whl", hash = "sha256:2bbf535d69fcf8466d1001b79f23e6b73eacfc45ef50b91fa62976ddd5541690", size = 1738264, upload-time = "2026-01-09T18:08:50.636Z" },
    { url = "https://files.pythonhosted.org/packages/df/fa/7d608eaf5ef0eead10665a079584176260eae15be0b0ac2df8bbc769968f/google_yamlfmt-0.21.0-py3-none-manylinux_2_17_x86_64.whl", hash = "sha256:b713c553f9f99851260b5e08d042775367c75c48ea20f7480ddb1450801df758", size = 1917785, upload-time = "2026-01-09T18:08:53.474Z" },
    { url = "https://files.pythonhosted.org/packages/ca/2f/92128cd99429ed2b83a66022201bde9fbfa928d29f161ee4eb50a54fd9b9/google_yamlfmt-0.21.0-py3-none-musllinux_1_2_aarch64.whl", hash = "sha256:ad651703c1173d107b1cf6f898b00b8be304a77aa95cc76239f0fc412e686e71", size = 1738263, upload-time = "2026-01-09T18:08:55.588Z" },
    { url = "https://files.pythonhosted.org/packages/18/43/5cd9526c96466fae38f0229ba9f3564399bb14abd2331a13fa062af7d158/google_yamlfmt-0.21.0-py3-none-musllinux_1_2_armv7l.whl", hash = "sha256:5ed153b0478dfd223c0d1cb8263eaacf509fa54148ce40f4ec0900ddf0258789", size = 1773882, upload-time = "2026-01-09T18:08:47.002Z" },
    { url = "https://files.pythonhosted.org/packages/4c/32/f93840344d923f09d10ec655d7a26e7fdc3c0546596a765d42d9fe7ce25f/google_yamlfmt-0.21.0-py3-none-musllinux_1_2_i686.whl", hash = "sha256:8d39fb576cfc9d060beeda104786a8532736038a9f6d9ee899964b5febde3592", size = 1810471, upload-time = "2026-01-09T18:08:45.63Z" },
    { url = "https://files.pythonhosted.org/packages/38/5c/cae41043309cda6cae5cb5643281669fcbab3e5e0ca595c5bf0ca9cb88e9/google_yamlfmt-0.21.0-py3-none-musllinux_1_2_x86_64.whl", hash = "sha256:f26829840efbb4bd15cc4918d84ac2317d2cf460b4e153328dff3c07121a8e9d", size = 1917784, upload-time = "2026-01-09T18:08:48.009Z" },
    { url = "https://files.pythonhosted.org/packages/57/37/beb7a76e944e7274888ea510f17579c3144b6c102448ac4e04bbf5459b19/google_yamlfmt-0.21.0-py3-none-win_amd64.whl", hash = "sha256:8415a65a2dd76d8f8a0462f6d5dc752903a98679236bfd6e02939af6f2d3673f", size = 2020302, upload-time = "2026-01-09T18:08:49.504Z" },
    { url = "https://files.pythonhosted.org/packages/28/51/2f8d347885470f0596f41e6c054567ad6dfc179eb93264f25690b75c0993/google_yamlfmt-0.21.0-py3-none-win_arm64.whl", hash = "sha256:a7a281db02b5bdc8fdacd579e289e9e900158bf26ac4e325ac7e372b78675ca2", size = 1818804, upload-time = "2026-01-09T18:08:57.166Z" },
]

[[package]]
name = "packaging"
version = "26.0"
source = { registry = "https://pypi.org/simple" }
sdist = { url = "https://files.pythonhosted.org/packages/65/ee/299d360cdc32edc7d2cf530f3accf79c4fca01e96ffc950d8a52213bd8e4/packaging-26.0.tar.gz", hash = "sha256:00243ae351a257117b6a241061796684b084ed1c516a08c48a3f7e147a9d80b4", size = 143416, upload-time = "2026-01-21T20:50:39.064Z" }
wheels = [
    { url = "https://files.pythonhosted.org/packages/b7/b9/c538f279a4e237a006a2c98387d081e9eb060d203d8ed34467cc0f0b9b53/packaging-26.0-py3-none-any.whl", hash = "sha256:b36f1fef9334a5588b4166f8bcd26a14e521f2b55e6b9de3aaa80d3ff7a37529", size = 74366, upload-time = "2026-01-21T20:50:37.788Z" },
]

[[package]]
name = "pegon"
version = "0.1.0"
source = { editable = "." }

[package.dev-dependencies]
dev = [
    { name = "actionlint-py" },
    { name = "google-yamlfmt" },
    { name = "prek" },
    { name = "rumdl" },
    { name = "shellcheck-py" },
    { name = "validate-pyproject", extra = ["all"] },
    { name = "zizmor" },
]

[package.metadata]

[package.metadata.requires-dev]
dev = [
    { name = "actionlint-py", specifier = "==1.7.10.24" },
    { name = "google-yamlfmt", specifier = "==0.21.0" },
    { name = "prek", specifier = "==0.3.1" },
    { name = "rumdl", specifier = "==0.1.7" },
    { name = "shellcheck-py", specifier = "==0.11.0.1" },
    { name = "validate-pyproject", extras = ["all"], specifier = "==0.25" },
    { name = "zizmor", specifier = "==1.22.0" },
]

[[package]]
name = "prek"
version = "0.3.1"
source = { registry = "https://pypi.org/simple" }
sdist = { url = "https://files.pythonhosted.org/packages/76/62/4b91c8a343e21fcefabc569a91d08cf8756c554332521af78294acef7c27/prek-0.3.1.tar.gz", hash = "sha256:45abc4ffd3cb2d39c478f47e92e88f050e5a4b7a20915d78e54b1a3d3619ebe4", size = 323141, upload-time = "2026-01-31T13:25:58.128Z" }
wheels = [
    { url = "https://files.pythonhosted.org/packages/ab/c1/e0e545048e4190245fb4ae375d67684108518f3c69b67b81d62e1cd855c6/prek-0.3.1-py3-none-linux_armv6l.whl", hash = "sha256:1f77d0845cc63cad9c447f7f7d554c1ad188d07dbe02741823d20d58c7312eaf", size = 4285460, upload-time = "2026-01-31T13:25:42.066Z" },
    { url = "https://files.pythonhosted.org/packages/10/fe/7636d10e2dafdf2a4a927c989f32ce3f08e99d62ebad7563f0272e74b7f4/prek-0.3.1-py3-none-macosx_10_12_x86_64.whl", hash = "sha256:e21142300d139e8c7f3970dd8aa66391cb43cd17c0c4ee65ff1af48856bb6a4b", size = 4287085, upload-time = "2026-01-31T13:25:40.193Z" },
    { url = "https://files.pythonhosted.org/packages/a3/7f/62ed57340071e04c02057d64276ec3986baca3ad4759523e2f433dc9be55/prek-0.3.1-py3-none-macosx_11_0_arm64.whl", hash = "sha256:c09391de7d1994f9402c46cb31671800ea309b1668d839614965706206da3655", size = 3936188, upload-time = "2026-01-31T13:25:47.314Z" },
    { url = "https://files.pythonhosted.org/packages/6b/17/cb24f462c255f76d130ca110f4fcec09b041c3c770e43960cc3fc9dcc9ce/prek-0.3.1-py3-none-manylinux_2_17_aarch64.manylinux2014_aarch64.musllinux_1_1_aarch64.whl", hash = "sha256:a0b0a012ef6ef28dee019cf81a95c5759b2c03287c32c1f2adcb5f5fb097138e", size = 4275214, upload-time = "2026-01-31T13:25:38.053Z" },
    { url = "https://files.pythonhosted.org/packages/f2/85/db155b59d73cf972c8467e4d95def635f9976d5fcbcc790a4bbe9d2e049a/prek-0.3.1-py3-none-manylinux_2_17_armv7l.manylinux2014_armv7l.whl", hash = "sha256:f4a0e40785d39b8feae0d7ecf5534789811a2614114ab47f4e344a2ebd75ac10", size = 4197982, upload-time = "2026-01-31T13:25:50.034Z" },
    { url = "https://files.pythonhosted.org/packages/06/cf/d35c32436692928a9ca53eed3334e30148a60f0faa33c42e8d11b6028fa6/prek-0.3.1-py3-none-manylinux_2_17_i686.manylinux2014_i686.whl", hash = "sha256:ac5c2f5e377e3cc5a5ea191deb8255a5823fbaa01b424417fe18ff12c7c800f3", size = 4458572, upload-time = "2026-01-31T13:25:51.46Z" },
    { url = "https://files.pythonhosted.org/packages/b4/c0/eb36fecb21fe30baa72fb87ccf3a791c32932786c287f95f8972402e9245/prek-0.3.1-py3-none-manylinux_2_17_s390x.manylinux2014_s390x.whl", hash = "sha256:9fe70e97f4dfca57ce142caecd77b90a435abd1c855f9e96041078415d80e89a", size = 4999230, upload-time = "2026-01-31T13:25:44.055Z" },
    { url = "https://files.pythonhosted.org/packages/e4/f3/ad1a25ea16320e6acd1fedd6bd96a0d22526f5132d9b5adc045996ccca4c/prek-0.3.1-py3-none-manylinux_2_17_x86_64.manylinux2014_x86_64.whl", hash = "sha256:0b28e921d893771bdd7533cd94d46a10e0cf2855c5e6bf6809b598b5e45baa73", size = 4510376, upload-time = "2026-01-31T13:25:48.563Z" },
    { url = "https://files.pythonhosted.org/packages/39/b7/91afdd24be808ccf3b9119f4cf2bd6d02e30683143a62a08f432a3435861/prek-0.3.1-py3-none-manylinux_2_28_aarch64.whl", hash = "sha256:555610a53c4541976f4fe8602177ecd7a86a931dcb90a89e5826cfc4a6c8f2cb", size = 4273229, upload-time = "2026-01-31T13:25:56.362Z" },
    { url = "https://files.pythonhosted.org/packages/5a/bb/636c77c5c9fc5eadcc2af975a95b48eeeff2dc833021e222b0e9479b9b47/prek-0.3.1-py3-none-manylinux_2_31_riscv64.whl", hash = "sha256:663a15a31b705db5d01a1c9eb28c6ea417628e6cb68de2dc7b3016ca2f959a99", size = 4301166, upload-time = "2026-01-31T13:25:36.281Z" },
    { url = "https://files.pythonhosted.org/packages/4e/cf/c928a36173e71b21b252943404a5b3d1ddc1f08c9e0f1d7282a2c62c7325/prek-0.3.1-py3-none-musllinux_1_1_armv7l.whl", hash = "sha256:1d03fb5fa37177dc37ccbe474252473adcbde63287a63e9fa3d5745470f95bd8", size = 4188473, upload-time = "2026-01-31T13:25:53.341Z" },
    { url = "https://files.pythonhosted.org/packages/98/4c/af8f6a40cb094e88225514b89e8ae05ac69fc479d6b500e4b984f9ef8ae3/prek-0.3.1-py3-none-musllinux_1_1_i686.whl", hash = "sha256:3e20a5b704c06944dca9555a39f1de3622edc8ed2becaf8b3564925d1b7c1c0d", size = 4342239, upload-time = "2026-01-31T13:25:55.179Z" },
    { url = "https://files.pythonhosted.org/packages/b7/ba/6b0f725c0cf96182ab9622b4d122a01f04de9b2b6e4a6516874390218510/prek-0.3.1-py3-none-musllinux_1_1_x86_64.whl", hash = "sha256:6889acf0c9b0dd7b9cd3510ec36af10a739826d2b9de1e2d021ae6a9f130959a", size = 4618674, upload-time = "2026-01-31T13:25:59.175Z" },
    { url = "https://files.pythonhosted.org/packages/d8/49/caa320893640c9e72ed3d3e2bab7959faba54cefeea09be18c33d5f75baf/prek-0.3.1-py3-none-win32.whl", hash = "sha256:cc62a4bff79ed835d448098f0667c1a91915cec9cfac6c6246b675f0da46eded", size = 3928699, upload-time = "2026-01-31T13:25:33.168Z" },
    { url = "https://files.pythonhosted.org/packages/59/19/15907abe245ae9a120abcebb0c50c6d456ba719eb640f7c57e4f5b2f00e3/prek-0.3.1-py3-none-win_amd64.whl", hash = "sha256:3515140def20bab85e53585b0beb90d894ff2915d2fdb4451b6a4588e16516d8", size = 4296106, upload-time = "2026-01-31T13:25:45.606Z" },
    { url = "https://files.pythonhosted.org/packages/a6/5e/9b994b5de36d6aa5caaf09a018d8fe4820db46e4da577c2fd7a1e176b56c/prek-0.3.1-py3-none-win_arm64.whl", hash = "sha256:cfa58365eb36753cff684dc3b00196c1163bb135fe72c6a1c6ebb1a179f5dbdf", size = 4021714, upload-time = "2026-01-31T13:25:34.993Z" },
]

[[package]]
name = "rumdl"
version = "0.1.7"
source = { registry = "https://pypi.org/simple" }
sdist = { url = "https://files.pythonhosted.org/packages/ed/c2/321d64c21d88051aeca0c7a375423d934b8f91b637634c1c59f854d68022/rumdl-0.1.7.tar.gz", hash = "sha256:a0a53686c5da21f8f9134676749f351a4f5de538da7a2200d61b3baed1c927af", size = 1756601, upload-time = "2026-01-30T18:47:20.037Z" }
wheels = [
    { url = "https://files.pythonhosted.org/packages/04/38/eb80bec4e50a8f582b8645d2e4449a74f954a7019e56a06b539b7ff2b4b9/rumdl-0.1.7-py3-none-macosx_10_12_x86_64.whl", hash = "sha256:8d4b0353958930422775c105e31f2211c3c567d7c5de3846d2adaa90cf24aa42", size = 3240170, upload-time = "2026-01-30T18:47:10.347Z" },
    { url = "https://files.pythonhosted.org/packages/4a/4d/c22f48f3acb6cc1ca4bfc32626b947ef60fe470aa42f6d95071be745aaa3/rumdl-0.1.7-py3-none-macosx_11_0_arm64.whl", hash = "sha256:9bb9712525f185150b35b0a29a83da713cc33fb5c7e1772a3b4411150525744e", size = 3107139, upload-time = "2026-01-30T18:47:04.853Z" },
    { url = "https://files.pythonhosted.org/packages/60/c3/649a4afc1986923030f521789f633308491f8e74b1c0734d11de04453e90/rumdl-0.1.7-py3-none-manylinux_2_28_aarch64.whl", hash = "sha256:b8bb89d5a0688d735e75ed1937e2bead0abee82eda9691001ef9bb70e9348dc2", size = 3478868, upload-time = "2026-01-30T18:47:06.785Z" },
    { url = "https://files.pythonhosted.org/packages/e2/e3/3beb7232547aca68d1dd8fe745fbfe9903639adc292588e4a5a6f4ffe2ac/rumdl-0.1.7-py3-none-manylinux_2_28_x86_64.whl", hash = "sha256:d8b1867c8854d9d0fffab0491e8ac2b896b0b3aea347d3828928206ec19e90bd", size = 3534162, upload-time = "2026-01-30T18:47:16.403Z" },
    { url = "https://files.pythonhosted.org/packages/91/61/cbe8674293d9f36c2fae1549a528da95172c81f065a5a2d184ef8d6bbad6/rumdl-0.1.7-py3-none-musllinux_1_2_aarch64.whl", hash = "sha256:a46e50122b605a8d4a9945063f532ab8d40d70abba794cf444bd8fc0707f7acd", size = 3468256, upload-time = "2026-01-30T18:47:08.331Z" },
    { url = "https://files.pythonhosted.org/packages/24/4a/9be0d3f134e966a11618d5aa2402f96a2a2430df0581421c038f143bc338/rumdl-0.1.7-py3-none-musllinux_1_2_x86_64.whl", hash = "sha256:5fa8b0403d83f5b0e9402b82c358db7d7568992013950faac0fd9dedbe536ccd", size = 3522873, upload-time = "2026-01-30T18:47:18.402Z" },
    { url = "https://files.pythonhosted.org/packages/87/ee/c2f9cdb19b04775fc7ca2c8f1ec535cf0d7e561ca3b7cf556249084cf3af/rumdl-0.1.7-py3-none-win_amd64.whl", hash = "sha256:e2c8a7f1ad675db2d537bfd6dcac151b0737f03f5534dec22c34f38c95a98e8b", size = 3326346, upload-time = "2026-01-30T18:47:12.374Z" },
]

[[package]]
name = "shellcheck-py"
version = "0.11.0.1"
source = { registry = "https://pypi.org/simple" }
sdist = { url = "https://files.pythonhosted.org/packages/df/55/455b097417b3df3d330eff029c72c32f08b25739e3010acb30ad06d268ef/shellcheck_py-0.11.0.1.tar.gz", hash = "sha256:5c620c88901e8f1d3be5934b31ea99e3310065e1245253741eafd0a275c8c9cc", size = 3139, upload-time = "2025-08-09T17:53:42.492Z" }
wheels = [
    { url = "https://files.pythonhosted.org/packages/54/27/d75b03e5458cefdb6d3b674566cd20476c3e4d3fe6cc9d68b7e3b854b296/shellcheck_py-0.11.0.1-py2.py3-none-macosx_10_9_x86_64.whl", hash = "sha256:b6a3fee28efda2e16e38d6e6d59faf7224300256456639727370d404730849e8", size = 6774472, upload-time = "2025-08-09T17:53:34.573Z" },
    { url = "https://files.pythonhosted.org/packages/61/ac/2a84c37171c0cf5a10ea4b0a27d43eb0a1d29bd98b49c2c5ffe17ad24bbe/shellcheck_py-0.11.0.1-py2.py3-none-macosx_11_0_arm64.whl", hash = "sha256:6b88d0a244c82ed07e06a53e444da841f69330ca59ae15d4a66c391655dae7a0", size = 11381835, upload-time = "2025-08-09T17:53:36.852Z" },
    { url = "https://files.pythonhosted.org/packages/96/55/250e0e3367613a5c22bd82e33b16b889287d81ab0f7dda67e6514a4cccf4/shellcheck_py-0.11.0.1-py2.py3-none-manylinux1_x86_64.manylinux2014_x86_64.manylinux_2_17_x86_64.manylinux_2_5_x86_64.whl", hash = "sha256:1b274df81de5b000ff78db433e7328b87e52e3c38481c60f8e488c3095beef05", size = 3800600, upload-time = "2025-08-09T17:53:38.643Z" },
    { url = "https://files.pythonhosted.org/packages/15/5b/bb14c0a7474463b1aa3c09e866cb172dffc66ed2993b7ea8f1db581e86ee/shellcheck_py-0.11.0.1-py2.py3-none-win_amd64.whl", hash = "sha256:784156289ecb17e91c692cd783ab5152333309588cabb10032a047331c63e759", size = 8027541, upload-time = "2025-08-09T17:53:40.889Z" },
]

[[package]]
name = "tomli"
version = "2.4.0"
source = { registry = "https://pypi.org/simple" }
sdist = { url = "https://files.pythonhosted.org/packages/82/30/31573e9457673ab10aa432461bee537ce6cef177667deca369efb79df071/tomli-2.4.0.tar.gz", hash = "sha256:aa89c3f6c277dd275d8e243ad24f3b5e701491a860d5121f2cdd399fbb31fc9c", size = 17477, upload-time = "2026-01-11T11:22:38.165Z" }
wheels = [
    { url = "https://files.pythonhosted.org/packages/3c/d9/3dc2289e1f3b32eb19b9785b6a006b28ee99acb37d1d47f78d4c10e28bf8/tomli-2.4.0-cp311-cp311-macosx_10_9_x86_64.whl", hash = "sha256:b5ef256a3fd497d4973c11bf142e9ed78b150d36f5773f1ca6088c230ffc5867", size = 153663, upload-time = "2026-01-11T11:21:45.27Z" },
    { url = "https://files.pythonhosted.org/packages/51/32/ef9f6845e6b9ca392cd3f64f9ec185cc6f09f0a2df3db08cbe8809d1d435/tomli-2.4.0-cp311-cp311-macosx_11_0_arm64.whl", hash = "sha256:5572e41282d5268eb09a697c89a7bee84fae66511f87533a6f88bd2f7b652da9", size = 148469, upload-time = "2026-01-11T11:21:46.873Z" },
    { url = "https://files.pythonhosted.org/packages/d6/c2/506e44cce89a8b1b1e047d64bd495c22c9f71f21e05f380f1a950dd9c217/tomli-2.4.0-cp311-cp311-manylinux2014_aarch64.manylinux_2_17_aarch64.manylinux_2_28_aarch64.whl", hash = "sha256:551e321c6ba03b55676970b47cb1b73f14a0a4dce6a3e1a9458fd6d921d72e95", size = 236039, upload-time = "2026-01-11T11:21:48.503Z" },
    { url = "https://files.pythonhosted.org/packages/b3/40/e1b65986dbc861b7e986e8ec394598187fa8aee85b1650b01dd925ca0be8/tomli-2.4.0-cp311-cp311-manylinux2014_x86_64.manylinux_2_17_x86_64.manylinux_2_28_x86_64.whl", hash = "sha256:5e3f639a7a8f10069d0e15408c0b96a2a828cfdec6fca05296ebcdcc28ca7c76", size = 243007, upload-time = "2026-01-11T11:21:49.456Z" },
    { url = "https://files.pythonhosted.org/packages/9c/6f/6e39ce66b58a5b7ae572a0f4352ff40c71e8573633deda43f6a379d56b3e/tomli-2.4.0-cp311-cp311-musllinux_1_2_aarch64.whl", hash = "sha256:1b168f2731796b045128c45982d3a4874057626da0e2ef1fdd722848b741361d", size = 240875, upload-time = "2026-01-11T11:21:50.755Z" },
    { url = "https://files.pythonhosted.org/packages/aa/ad/cb089cb190487caa80204d503c7fd0f4d443f90b95cf4ef5cf5aa0f439b0/tomli-2.4.0-cp311-cp311-musllinux_1_2_x86_64.whl", hash = "sha256:133e93646ec4300d651839d382d63edff11d8978be23da4cc106f5a18b7d0576", size = 246271, upload-time = "2026-01-11T11:21:51.81Z" },
    { url = "https://files.pythonhosted.org/packages/0b/63/69125220e47fd7a3a27fd0de0c6398c89432fec41bc739823bcc66506af6/tomli-2.4.0-cp311-cp311-win32.whl", hash = "sha256:b6c78bdf37764092d369722d9946cb65b8767bfa4110f902a1b2542d8d173c8a", size = 96770, upload-time = "2026-01-11T11:21:52.647Z" },
    { url = "https://files.pythonhosted.org/packages/1e/0d/a22bb6c83f83386b0008425a6cd1fa1c14b5f3dd4bad05e98cf3dbbf4a64/tomli-2.4.0-cp311-cp311-win_amd64.whl", hash = "sha256:d3d1654e11d724760cdb37a3d7691f0be9db5fbdaef59c9f532aabf87006dbaa", size = 107626, upload-time = "2026-01-11T11:21:53.459Z" },
    { url = "https://files.pythonhosted.org/packages/2f/6d/77be674a3485e75cacbf2ddba2b146911477bd887dda9d8c9dfb2f15e871/tomli-2.4.0-cp311-cp311-win_arm64.whl", hash = "sha256:cae9c19ed12d4e8f3ebf46d1a75090e4c0dc16271c5bce1c833ac168f08fb614", size = 94842, upload-time = "2026-01-11T11:21:54.831Z" },
    { url = "https://files.pythonhosted.org/packages/3c/43/7389a1869f2f26dba52404e1ef13b4784b6b37dac93bac53457e3ff24ca3/tomli-2.4.0-cp312-cp312-macosx_10_13_x86_64.whl", hash = "sha256:920b1de295e72887bafa3ad9f7a792f811847d57ea6b1215154030cf131f16b1", size = 154894, upload-time = "2026-01-11T11:21:56.07Z" },
    { url = "https://files.pythonhosted.org/packages/e9/05/2f9bf110b5294132b2edf13fe6ca6ae456204f3d749f623307cbb7a946f2/tomli-2.4.0-cp312-cp312-macosx_11_0_arm64.whl", hash = "sha256:7d6d9a4aee98fac3eab4952ad1d73aee87359452d1c086b5ceb43ed02ddb16b8", size = 149053, upload-time = "2026-01-11T11:21:57.467Z" },
    { url = "https://files.pythonhosted.org/packages/e8/41/1eda3ca1abc6f6154a8db4d714a4d35c4ad90adc0bcf700657291593fbf3/tomli-2.4.0-cp312-cp312-manylinux2014_aarch64.manylinux_2_17_aarch64.manylinux_2_28_aarch64.whl", hash = "sha256:36b9d05b51e65b254ea6c2585b59d2c4cb91c8a3d91d0ed0f17591a29aaea54a", size = 243481, upload-time = "2026-01-11T11:21:58.661Z" },
    { url = "https://files.pythonhosted.org/packages/d2/6d/02ff5ab6c8868b41e7d4b987ce2b5f6a51d3335a70aa144edd999e055a01/tomli-2.4.0-cp312-cp312-manylinux2014_x86_64.manylinux_2_17_x86_64.manylinux_2_28_x86_64.whl", hash = "sha256:1c8a885b370751837c029ef9bc014f27d80840e48bac415f3412e6593bbc18c1", size = 251720, upload-time = "2026-01-11T11:22:00.178Z" },
    { url = "https://files.pythonhosted.org/packages/7b/57/0405c59a909c45d5b6f146107c6d997825aa87568b042042f7a9c0afed34/tomli-2.4.0-cp312-cp312-musllinux_1_2_aarch64.whl", hash = "sha256:8768715ffc41f0008abe25d808c20c3d990f42b6e2e58305d5da280ae7d1fa3b", size = 247014, upload-time = "2026-01-11T11:22:01.238Z" },
    { url = "https://files.pythonhosted.org/packages/2c/0e/2e37568edd944b4165735687cbaf2fe3648129e440c26d02223672ee0630/tomli-2.4.0-cp312-cp312-musllinux_1_2_x86_64.whl", hash = "sha256:7b438885858efd5be02a9a133caf5812b8776ee0c969fea02c45e8e3f296ba51", size = 251820, upload-time = "2026-01-11T11:22:02.727Z" },
    { url = "https://files.pythonhosted.org/packages/5a/1c/ee3b707fdac82aeeb92d1a113f803cf6d0f37bdca0849cb489553e1f417a/tomli-2.4.0-cp312-cp312-win32.whl", hash = "sha256:0408e3de5ec77cc7f81960c362543cbbd91ef883e3138e81b729fc3eea5b9729", size = 97712, upload-time = "2026-01-11T11:22:03.777Z" },
    { url = "https://files.pythonhosted.org/packages/69/13/c07a9177d0b3bab7913299b9278845fc6eaaca14a02667c6be0b0a2270c8/tomli-2.4.0-cp312-cp312-win_amd64.whl", hash = "sha256:685306e2cc7da35be4ee914fd34ab801a6acacb061b6a7abca922aaf9ad368da", size = 108296, upload-time = "2026-01-11T11:22:04.86Z" },
    { url = "https://files.pythonhosted.org/packages/18/27/e267a60bbeeee343bcc279bb9e8fbed0cbe224bc7b2a3dc2975f22809a09/tomli-2.4.0-cp312-cp312-win_arm64.whl", hash = "sha256:5aa48d7c2356055feef06a43611fc401a07337d5b006be13a30f6c58f869e3c3", size = 94553, upload-time = "2026-01-11T11:22:05.854Z" },
    { url = "https://files.pythonhosted.org/packages/34/91/7f65f9809f2936e1f4ce6268ae1903074563603b2a2bd969ebbda802744f/tomli-2.4.0-cp313-cp313-macosx_10_13_x86_64.whl", hash = "sha256:84d081fbc252d1b6a982e1870660e7330fb8f90f676f6e78b052ad4e64714bf0", size = 154915, upload-time = "2026-01-11T11:22:06.703Z" },
    { url = "https://files.pythonhosted.org/packages/20/aa/64dd73a5a849c2e8f216b755599c511badde80e91e9bc2271baa7b2cdbb1/tomli-2.4.0-cp313-cp313-macosx_11_0_arm64.whl", hash = "sha256:9a08144fa4cba33db5255f9b74f0b89888622109bd2776148f2597447f92a94e", size = 149038, upload-time = "2026-01-11T11:22:07.56Z" },
    { url = "https://files.pythonhosted.org/packages/9e/8a/6d38870bd3d52c8d1505ce054469a73f73a0fe62c0eaf5dddf61447e32fa/tomli-2.4.0-cp313-cp313-manylinux2014_aarch64.manylinux_2_17_aarch64.manylinux_2_28_aarch64.whl", hash = "sha256:c73add4bb52a206fd0c0723432db123c0c75c280cbd67174dd9d2db228ebb1b4", size = 242245, upload-time = "2026-01-11T11:22:08.344Z" },
    { url = "https://files.pythonhosted.org/packages/59/bb/8002fadefb64ab2669e5b977df3f5e444febea60e717e755b38bb7c41029/tomli-2.4.0-cp313-cp313-manylinux2014_x86_64.manylinux_2_17_x86_64.manylinux_2_28_x86_64.whl", hash = "sha256:1fb2945cbe303b1419e2706e711b7113da57b7db31ee378d08712d678a34e51e", size = 250335, upload-time = "2026-01-11T11:22:09.951Z" },
    { url = "https://files.pythonhosted.org/packages/a5/3d/4cdb6f791682b2ea916af2de96121b3cb1284d7c203d97d92d6003e91c8d/tomli-2.4.0-cp313-cp313-musllinux_1_2_aarch64.whl", hash = "sha256:bbb1b10aa643d973366dc2cb1ad94f99c1726a02343d43cbc011edbfac579e7c", size = 245962, upload-time = "2026-01-11T11:22:11.27Z" },
    { url = "https://files.pythonhosted.org/packages/f2/4a/5f25789f9a460bd858ba9756ff52d0830d825b458e13f754952dd15fb7bb/tomli-2.4.0-cp313-cp313-musllinux_1_2_x86_64.whl", hash = "sha256:4cbcb367d44a1f0c2be408758b43e1ffb5308abe0ea222897d6bfc8e8281ef2f", size = 250396, upload-time = "2026-01-11T11:22:12.325Z" },
    { url = "https://files.pythonhosted.org/packages/aa/2f/b73a36fea58dfa08e8b3a268750e6853a6aac2a349241a905ebd86f3047a/tomli-2.4.0-cp313-cp313-win32.whl", hash = "sha256:7d49c66a7d5e56ac959cb6fc583aff0651094ec071ba9ad43df785abc2320d86", size = 97530, upload-time = "2026-01-11T11:22:13.865Z" },
    { url = "https://files.pythonhosted.org/packages/3b/af/ca18c134b5d75de7e8dc551c5234eaba2e8e951f6b30139599b53de9c187/tomli-2.4.0-cp313-cp313-win_amd64.whl", hash = "sha256:3cf226acb51d8f1c394c1b310e0e0e61fecdd7adcb78d01e294ac297dd2e7f87", size = 108227, upload-time = "2026-01-11T11:22:15.224Z" },
    { url = "https://files.pythonhosted.org/packages/22/c3/b386b832f209fee8073c8138ec50f27b4460db2fdae9ffe022df89a57f9b/tomli-2.4.0-cp313-cp313-win_arm64.whl", hash = "sha256:d20b797a5c1ad80c516e41bc1fb0443ddb5006e9aaa7bda2d71978346aeb9132", size = 94748, upload-time = "2026-01-11T11:22:16.009Z" },
    { url = "https://files.pythonhosted.org/packages/f3/c4/84047a97eb1004418bc10bdbcfebda209fca6338002eba2dc27cc6d13563/tomli-2.4.0-cp314-cp314-macosx_10_15_x86_64.whl", hash = "sha256:26ab906a1eb794cd4e103691daa23d95c6919cc2fa9160000ac02370cc9dd3f6", size = 154725, upload-time = "2026-01-11T11:22:17.269Z" },
    { url = "https://files.pythonhosted.org/packages/a8/5d/d39038e646060b9d76274078cddf146ced86dc2b9e8bbf737ad5983609a0/tomli-2.4.0-cp314-cp314-macosx_11_0_arm64.whl", hash = "sha256:20cedb4ee43278bc4f2fee6cb50daec836959aadaf948db5172e776dd3d993fc", size = 148901, upload-time = "2026-01-11T11:22:18.287Z" },
    { url = "https://files.pythonhosted.org/packages/73/e5/383be1724cb30f4ce44983d249645684a48c435e1cd4f8b5cded8a816d3c/tomli-2.4.0-cp314-cp314-manylinux2014_aarch64.manylinux_2_17_aarch64.manylinux_2_28_aarch64.whl", hash = "sha256:39b0b5d1b6dd03684b3fb276407ebed7090bbec989fa55838c98560c01113b66", size = 243375, upload-time = "2026-01-11T11:22:19.154Z" },
    { url = "https://files.pythonhosted.org/packages/31/f0/bea80c17971c8d16d3cc109dc3585b0f2ce1036b5f4a8a183789023574f2/tomli-2.4.0-cp314-cp314-manylinux2014_x86_64.manylinux_2_17_x86_64.manylinux_2_28_x86_64.whl", hash = "sha256:a26d7ff68dfdb9f87a016ecfd1e1c2bacbe3108f4e0f8bcd2228ef9a766c787d", size = 250639, upload-time = "2026-01-11T11:22:20.168Z" },
    { url = "https://files.pythonhosted.org/packages/2c/8f/2853c36abbb7608e3f945d8a74e32ed3a74ee3a1f468f1ffc7d1cb3abba6/tomli-2.4.0-cp314-cp314-musllinux_1_2_aarch64.whl", hash = "sha256:20ffd184fb1df76a66e34bd1b36b4a4641bd2b82954befa32fe8163e79f1a702", size = 246897, upload-time = "2026-01-11T11:22:21.544Z" },
    { url = "https://files.pythonhosted.org/packages/49/f0/6c05e3196ed5337b9fe7ea003e95fd3819a840b7a0f2bf5a408ef1dad8ed/tomli-2.4.0-cp314-cp314-musllinux_1_2_x86_64.whl", hash = "sha256:75c2f8bbddf170e8effc98f5e9084a8751f8174ea6ccf4fca5398436e0320bc8", size = 254697, upload-time = "2026-01-11T11:22:23.058Z" },
    { url = "https://files.pythonhosted.org/packages/f3/f5/2922ef29c9f2951883525def7429967fc4d8208494e5ab524234f06b688b/tomli-2.4.0-cp314-cp314-win32.whl", hash = "sha256:31d556d079d72db7c584c0627ff3a24c5d3fb4f730221d3444f3efb1b2514776", size = 98567, upload-time = "2026-01-11T11:22:24.033Z" },
    { url = "https://files.pythonhosted.org/packages/7b/31/22b52e2e06dd2a5fdbc3ee73226d763b184ff21fc24e20316a44ccc4d96b/tomli-2.4.0-cp314-cp314-win_amd64.whl", hash = "sha256:43e685b9b2341681907759cf3a04e14d7104b3580f808cfde1dfdb60ada85475", size = 108556, upload-time = "2026-01-11T11:22:25.378Z" },
    { url = "https://files.pythonhosted.org/packages/48/3d/5058dff3255a3d01b705413f64f4306a141a8fd7a251e5a495e3f192a998/tomli-2.4.0-cp314-cp314-win_arm64.whl", hash = "sha256:3d895d56bd3f82ddd6faaff993c275efc2ff38e52322ea264122d72729dca2b2", size = 96014, upload-time = "2026-01-11T11:22:26.138Z" },
    { url = "https://files.pythonhosted.org/packages/b8/4e/75dab8586e268424202d3a1997ef6014919c941b50642a1682df43204c22/tomli-2.4.0-cp314-cp314t-macosx_10_15_x86_64.whl", hash = "sha256:5b5807f3999fb66776dbce568cc9a828544244a8eb84b84b9bafc080c99597b9", size = 163339, upload-time = "2026-01-11T11:22:27.143Z" },
    { url = "https://files.pythonhosted.org/packages/06/e3/b904d9ab1016829a776d97f163f183a48be6a4deb87304d1e0116a349519/tomli-2.4.0-cp314-cp314t-macosx_11_0_arm64.whl", hash = "sha256:c084ad935abe686bd9c898e62a02a19abfc9760b5a79bc29644463eaf2840cb0", size = 159490, upload-time = "2026-01-11T11:22:28.399Z" },
    { url = "https://files.pythonhosted.org/packages/e3/5a/fc3622c8b1ad823e8ea98a35e3c632ee316d48f66f80f9708ceb4f2a0322/tomli-2.4.0-cp314-cp314t-manylinux2014_aarch64.manylinux_2_17_aarch64.manylinux_2_28_aarch64.whl", hash = "sha256:0f2e3955efea4d1cfbcb87bc321e00dc08d2bcb737fd1d5e398af111d86db5df", size = 269398, upload-time = "2026-01-11T11:22:29.345Z" },
    { url = "https://files.pythonhosted.org/packages/fd/33/62bd6152c8bdd4c305ad9faca48f51d3acb2df1f8791b1477d46ff86e7f8/tomli-2.4.0-cp314-cp314t-manylinux2014_x86_64.manylinux_2_17_x86_64.manylinux_2_28_x86_64.whl", hash = "sha256:0e0fe8a0b8312acf3a88077a0802565cb09ee34107813bba1c7cd591fa6cfc8d", size = 276515, upload-time = "2026-01-11T11:22:30.327Z" },
    { url = "https://files.pythonhosted.org/packages/4b/ff/ae53619499f5235ee4211e62a8d7982ba9e439a0fb4f2f351a93d67c1dd2/tomli-2.4.0-cp314-cp314t-musllinux_1_2_aarch64.whl", hash = "sha256:413540dce94673591859c4c6f794dfeaa845e98bf35d72ed59636f869ef9f86f", size = 273806, upload-time = "2026-01-11T11:22:32.56Z" },
    { url = "https://files.pythonhosted.org/packages/47/71/cbca7787fa68d4d0a9f7072821980b39fbb1b6faeb5f5cf02f4a5559fa28/tomli-2.4.0-cp314-cp314t-musllinux_1_2_x86_64.whl", hash = "sha256:0dc56fef0e2c1c470aeac5b6ca8cc7b640bb93e92d9803ddaf9ea03e198f5b0b", size = 281340, upload-time = "2026-01-11T11:22:33.505Z" },
    { url = "https://files.pythonhosted.org/packages/f5/00/d595c120963ad42474cf6ee7771ad0d0e8a49d0f01e29576ee9195d9ecdf/tomli-2.4.0-cp314-cp314t-win32.whl", hash = "sha256:d878f2a6707cc9d53a1be1414bbb419e629c3d6e67f69230217bb663e76b5087", size = 108106, upload-time = "2026-01-11T11:22:34.451Z" },
    { url = "https://files.pythonhosted.org/packages/de/69/9aa0c6a505c2f80e519b43764f8b4ba93b5a0bbd2d9a9de6e2b24271b9a5/tomli-2.4.0-cp314-cp314t-win_amd64.whl", hash = "sha256:2add28aacc7425117ff6364fe9e06a183bb0251b03f986df0e78e974047571fd", size = 120504, upload-time = "2026-01-11T11:22:35.764Z" },
    { url = "https://files.pythonhosted.org/packages/b3/9f/f1668c281c58cfae01482f7114a4b88d345e4c140386241a1a24dcc9e7bc/tomli-2.4.0-cp314-cp314t-win_arm64.whl", hash = "sha256:2b1e3b80e1d5e52e40e9b924ec43d81570f0e7d09d11081b797bc4692765a3d4", size = 99561, upload-time = "2026-01-11T11:22:36.624Z" },
    { url = "https://files.pythonhosted.org/packages/23/d1/136eb2cb77520a31e1f64cbae9d33ec6df0d78bdf4160398e86eec8a8754/tomli-2.4.0-py3-none-any.whl", hash = "sha256:1f776e7d669ebceb01dee46484485f43a4048746235e683bcdffacdf1fb4785a", size = 14477, upload-time = "2026-01-11T11:22:37.446Z" },
]

[[package]]
name = "trove-classifiers"
version = "2026.1.14.14"
source = { registry = "https://pypi.org/simple" }
sdist = { url = "https://files.pythonhosted.org/packages/d8/43/7935f8ea93fcb6680bc10a6fdbf534075c198eeead59150dd5ed68449642/trove_classifiers-2026.1.14.14.tar.gz", hash = "sha256:00492545a1402b09d4858605ba190ea33243d361e2b01c9c296ce06b5c3325f3", size = 16997, upload-time = "2026-01-14T14:54:50.526Z" }
wheels = [
    { url = "https://files.pythonhosted.org/packages/bb/4a/2e5583e544bc437d5e8e54b47db87430df9031b29b48d17f26d129fa60c0/trove_classifiers-2026.1.14.14-py3-none-any.whl", hash = "sha256:1f9553927f18d0513d8e5ff80ab8980b8202ce37ecae0e3274ed2ef11880e74d", size = 14197, upload-time = "2026-01-14T14:54:49.067Z" },
]

[[package]]
name = "validate-pyproject"
version = "0.25"
source = { registry = "https://pypi.org/simple" }
dependencies = [
    { name = "fastjsonschema" },
]
sdist = { url = "https://files.pythonhosted.org/packages/e7/d8/45a82408619c306d0083afcf6142617201b2647a82e9a7d4c902e837274c/validate_pyproject-0.25.tar.gz", hash = "sha256:e68c12d1cb0d8ddc269ffc42875a81727ddb7865000aa6d2f77d833b55c53f0b", size = 118662, upload-time = "2026-02-02T17:31:07.089Z" }
wheels = [
    { url = "https://files.pythonhosted.org/packages/b7/ee/e9c95cda829131f71a8dff5ce0406059fd16e591c074414e31ada19ba7c3/validate_pyproject-0.25-py3-none-any.whl", hash = "sha256:f9d05e2686beff82f9ea954f582306b036ced3d3feb258c1110f2c2a495b1981", size = 54942, upload-time = "2026-02-02T17:31:05.489Z" },
]

[package.optional-dependencies]
all = [
    { name = "packaging" },
    { name = "tomli", marker = "python_full_version < '3.11'" },
    { name = "trove-classifiers" },
]

[[package]]
name = "zizmor"
version = "1.22.0"
source = { registry = "https://pypi.org/simple" }
sdist = { url = "https://files.pythonhosted.org/packages/4b/4a/acd3130f17a7cdc5793d5f73a47e06f2c1576b16432dbeabf221a2625204/zizmor-1.22.0.tar.gz", hash = "sha256:b36a24cf52af902fbf5526d9ed6b6e665cc418b7c76c93dd018225a385691200", size = 435030, upload-time = "2026-01-17T05:19:58.084Z" }
wheels = [
    { url = "https://files.pythonhosted.org/packages/e1/c8/d45323e1ce1663ba099e777d3cd32e697f240dd0e5209a81b604d6447d46/zizmor-1.22.0-py3-none-macosx_10_12_x86_64.whl", hash = "sha256:80c62a9503a4235091dd076c11925f98f8d0e3fcaa8a6e2e1153e784ff3e0062", size = 7821971, upload-time = "2026-01-17T05:20:17.003Z" },
    { url = "https://files.pythonhosted.org/packages/4c/bc/69c0f86b92c7b70407d90961226149c275f988a73a67e5660ef326bfd069/zizmor-1.22.0-py3-none-macosx_11_0_arm64.whl", hash = "sha256:05c62d8cc0c16e0c0551e5085ef1f367d3b70e18df6ff1dcb212f6a6355bee4e", size = 7472452, upload-time = "2026-01-17T05:20:10.327Z" },
    { url = "https://files.pythonhosted.org/packages/3b/2f/5a4451dd0321c9f608821ca196ec35935d4394d6a3404fb1b37f94513d0e/zizmor-1.22.0-py3-none-manylinux_2_24_aarch64.whl", hash = "sha256:92d90fbebdcbd865ff8d48a8579a23102c788d09e378b60d3452603eb15e69bc", size = 7787396, upload-time = "2026-01-17T05:20:00.102Z" },
    { url = "https://files.pythonhosted.org/packages/1c/8a/1b27a90e3b54ca925ed080cadfa083ada4779ac8aef973fd9fe0da4496a7/zizmor-1.22.0-py3-none-manylinux_2_28_armv7l.whl", hash = "sha256:4f81f527ea5f628537f1a80c63a832f6ee1d529201ecd473f1c06fe28498ecc1", size = 7461205, upload-time = "2026-01-17T05:20:02.78Z" },
    { url = "https://files.pythonhosted.org/packages/72/98/44e308c7f365f5f9e672b3d581224e50d0c7a397dcebd3fba93869487dc5/zizmor-1.22.0-py3-none-manylinux_2_28_x86_64.whl", hash = "sha256:ccc9fe012ca9068add4104fcf75513fb740d41056c238f98dcf97d693feaa743", size = 8018731, upload-time = "2026-01-17T05:20:14.59Z" },
    { url = "https://files.pythonhosted.org/packages/f6/3b/589f3c0145f0e5584ef5cbf7de8c000ab7bfc86618f9c5a77def842c6328/zizmor-1.22.0-py3-none-musllinux_1_2_aarch64.whl", hash = "sha256:aad09a0788df8d8e9941d47743029f182434599548a463733240b09983b9870e", size = 7811279, upload-time = "2026-01-17T05:20:07.987Z" },
    { url = "https://files.pythonhosted.org/packages/de/e2/9067973b9064a3f1f32e7ccb0e34004a713d5dec033c38e829421bc5655c/zizmor-1.22.0-py3-none-musllinux_1_2_armv7l.whl", hash = "sha256:a2f3f9d2dc341921543374f75cbd99cad130676809854c3c0fb38fa44fb9ebee", size = 7472910, upload-time = "2026-01-17T05:19:53.565Z" },
    { url = "https://files.pythonhosted.org/packages/1d/ae/803063f38f70b4e5d51f0e7d0626322730fab44278aeb7b5201a5be2400a/zizmor-1.22.0-py3-none-musllinux_1_2_x86_64.whl", hash = "sha256:8fbc43d9feec0e6f85dfb324956f41a58e649763fe8b269ca1c2c4d61f27764d", size = 8126935, upload-time = "2026-01-17T05:20:12.628Z" },
    { url = "https://files.pythonhosted.org/packages/0b/b4/c1d6b7e7c53ecfa64677aa4891b1ad10a3fc8cfc59c6c458a0b7d768c4d3/zizmor-1.22.0-py3-none-win32.whl", hash = "sha256:05b906d08b7fa70474ad99b95ae6e332e6d527089821df71b739107488aad303", size = 6618441, upload-time = "2026-01-17T05:19:56.295Z" },
    { url = "https://files.pythonhosted.org/packages/30/fd/d4eb5a558e28b42d257eba609e01fa65ae167589d9ff87e9d265ea1766b3/zizmor-1.22.0-py3-none-win_amd64.whl", hash = "sha256:2d52bc8367986c046c116134800117bd5ad4816922e890e81b9bd37a7b28c28f", size = 7617357, upload-time = "2026-01-17T05:20:05.308Z" },
]
